
Microsoft Visual Studio Solution File, Format Version 12.00
# Visual Studio Version 17
VisualStudioVersion = 17.5.33516.290
MinimumVisualStudioVersion = 10.0.40219.1
Project("{9A19103F-16F7-4668-BE54-9A1E7A4F7556}") = "LinqInternals.Demo", "LinqInternals.Demo\LinqInternals.Demo.csproj", "{C5F2D7CB-D5AC-4D40-940D-CB365D5F3B51}"
EndProject
Project("{FAE04EC0-301F-11D3-BF4B-00C04F79EFBC}") = "PrintAll", "PrintAll\PrintAll.csproj", "{6EE2ED01-E83B-4FF0-9F96-F0427465A15E}"
EndProject
Global
	GlobalSection(SolutionConfigurationPlatforms) = preSolution
		Debug|Any CPU = Debug|Any CPU
		Release|Any CPU = Release|Any CPU
	EndGlobalSection
	GlobalSection(ProjectConfigurationPlatforms) = postSolution
		{C5F2D7CB-D5AC-4D40-940D-CB365D5F3B51}.Debug|Any CPU.ActiveCfg = Debug|Any CPU
		{C5F2D7CB-D5AC-4D40-940D-CB365D5F3B51}.Debug|Any CPU.Build.0 = Debug|Any CPU
		{C5F2D7CB-D5AC-4D40-940D-CB365D5F3B51}.Release|Any CPU.ActiveCfg = Release|Any CPU
		{C5F2D7CB-D5AC-4D40-940D-CB365D5F3B51}.Release|Any CPU.Build.0 = Release|Any CPU
		{6EE2ED01-E83B-4FF0-9F96-F0427465A15E}.Debug|Any CPU.ActiveCfg = Debug|Any CPU
		{6EE2ED01-E83B-4FF0-9F96-F0427465A15E}.Debug|Any CPU.Build.0 = Debug|Any CPU
		{6EE2ED01-E83B-4FF0-9F96-F0427465A15E}.Release|Any CPU.ActiveCfg = Release|Any CPU
		{6EE2ED01-E83B-4FF0-9F96-F0427465A15E}.Release|Any CPU.Build.0 = Release|Any CPU
	EndGlobalSection
	GlobalSection(SolutionProperties) = preSolution
		HideSolutionNode = FALSE
	EndGlobalSection
	GlobalSection(ExtensibilityGlobals) = postSolution
		SolutionGuid = {53E28602-4480-4D47-8574-1EFC3920DD99}
	EndGlobalSection
EndGlobal
